<?xml version="1.0" encoding="utf-8"?>
<Project ToolsVersion="4.0" xmlns="http://schemas.microsoft.com/developer/msbuild/2003">
  <ItemGroup>
    <Filter Include="Source Files">
      <UniqueIdentifier>{4FC737F1-C7A5-4376-A066-2A32D752A2FF}</UniqueIdentifier>
      <Extensions>cpp;c;cc;cxx;c++;cppm;ixx;def;odl;idl;hpj;bat;asm;asmx</Extensions>
    </Filter>
    <Filter Include="Header Files">
      <UniqueIdentifier>{93995380-89BD-4b04-88EB-625FBE52EBFB}</UniqueIdentifier>
      <Extensions>h;hh;hpp;hxx;h++;hm;inl;inc;ipp;xsd</Extensions>
    </Filter>
    <Filter Include="Resource Files">
      <UniqueIdentifier>{67DA6AB6-F800-4c08-8B7A-83BB121AAD01}</UniqueIdentifier>
      <Extensions>rc;ico;cur;bmp;dlg;rc2;rct;bin;rgs;gif;jpg;jpeg;jpe;resx;tiff;tif;png;wav;mfcribbon-ms</Extensions>
    </Filter>
    <Filter Include="Resource Files\Fonts">
      <UniqueIdentifier>{4234751c-23b5-4617-bb29-25afa795070d}</UniqueIdentifier>
    </Filter>
    <Filter Include="Resource Files\Images">
      <UniqueIdentifier>{e06c7924-4f00-49a9-ba1e-68a805964d11}</UniqueIdentifier>
    </Filter>
  </ItemGroup>
  <ItemGroup>
    <None Include="packages.config" />
  </ItemGroup>
  <ItemGroup>
    <ClCompile Include="main.cpp">
      <Filter>Source Files</Filter>
    </ClCompile>
    <ClCompile Include="StateMachine.cpp">
      <Filter>Source Files</Filter>
    </ClCompile>
    <ClCompile Include="AssetManager.cpp">
      <Filter>Source Files</Filter>
    </ClCompile>
    <ClCompile Include="InputManager.cpp">
      <Filter>Source Files</Filter>
    </ClCompile>
    <ClCompile Include="Engine.cpp">
      <Filter>Source Files</Filter>
    </ClCompile>
  </ItemGroup>
  <ItemGroup>
    <ClInclude Include="State.hpp">
      <Filter>Header Files</Filter>
    </ClInclude>
    <ClInclude Include="StateMachine.h">
      <Filter>Header Files</Filter>
    </ClInclude>
    <ClInclude Include="AssetManager.h">
      <Filter>Header Files</Filter>
    </ClInclude>
    <ClInclude Include="InputManager.h">
      <Filter>Header Files</Filter>
    </ClInclude>
    <ClInclude Include="Engine.h">
      <Filter>Header Files</Filter>
    </ClInclude>
    <ClInclude Include="DEFINITIONS.h">
      <Filter>Header Files</Filter>
    </ClInclude>
  </ItemGroup>
  <ItemGroup>
    <Font Include="Resources\fonts\arial.ttf">
      <Filter>Resource Files\Fonts</Filter>
    </Font>
    <Font Include="Resources\fonts\Marker Felt.ttf">
      <Filter>Resource Files\Fonts</Filter>
    </Font>
  </ItemGroup>
  <ItemGroup>
    <Image Include="Resources\res\Achievements.png">
      <Filter>Resource Files\Images</Filter>
    </Image>
    <Image Include="Resources\res\Game Title.png">
      <Filter>Resource Files\Images</Filter>
    </Image>
    <Image Include="Resources\res\Grid.png">
      <Filter>Resource Files\Images</Filter>
    </Image>
    <Image Include="Resources\res\Home Button.png">
      <Filter>Resource Files\Images</Filter>
    </Image>
    <Image Include="Resources\res\Main Menu Background.png">
      <Filter>Resource Files\Images</Filter>
    </Image>
    <Image Include="Resources\res\O Win.png">
      <Filter>Resource Files\Images</Filter>
    </Image>
    <Image Include="Resources\res\O.png">
      <Filter>Resource Files\Images</Filter>
    </Image>
    <Image Include="Resources\res\Pause Background.png">
      <Filter>Resource Files\Images</Filter>
    </Image>
    <Image Include="Resources\res\Pause Button.png">
      <Filter>Resource Files\Images</Filter>
    </Image>
    <Image Include="Resources\res\Pause Window.png">
      <Filter>Resource Files\Images</Filter>
    </Image>
    <Image Include="Resources\res\Play Button Outer.png">
      <Filter>Resource Files\Images</Filter>
    </Image>
    <Image Include="Resources\res\Play Button.png">
      <Filter>Resource Files\Images</Filter>
    </Image>
    <Image Include="Resources\res\Resume Button.png">
      <Filter>Resource Files\Images</Filter>
    </Image>
    <Image Include="Resources\res\Retry Button.png">
      <Filter>Resource Files\Images</Filter>
    </Image>
    <Image Include="Resources\res\Sound Off.png">
      <Filter>Resource Files\Images</Filter>
    </Image>
    <Image Include="Resources\res\Sound On.png">
      <Filter>Resource Files\Images</Filter>
    </Image>
    <Image Include="Resources\res\Splash Background.png">
      <Filter>Resource Files\Images</Filter>
    </Image>
    <Image Include="Resources\res\X Win.png">
      <Filter>Resource Files\Images</Filter>
    </Image>
    <Image Include="Resources\res\X.png">
      <Filter>Resource Files\Images</Filter>
    </Image>
  </ItemGroup>
</Project>